
Microsoft Visual Studio Solution File, Format Version 12.00
# Visual Studio Version 16
VisualStudioVersion = 16.0.31424.327
MinimumVisualStudioVersion = 10.0.40219.1
Project("{FAE04EC0-301F-11D3-BF4B-00C04F79EFBC}") = "Business", "Business\Business.csproj", "{2F7CB0E5-7CCF-4C98-A26C-C0139CC24752}"
EndProject
Project("{FAE04EC0-301F-11D3-BF4B-00C04F79EFBC}") = "BPMify_Client", "BPMify_Client\BPMify_Client.csproj", "{3AE77BCC-7EC4-4050-892A-C12916E069B6}"
EndProject
Project("{FAE04EC0-301F-11D3-BF4B-00C04F79EFBC}") = "SpotifyAPI", "SpotifyAPI\SpotifyAPI.csproj", "{55968731-CB4D-4C49-B370-F7602FD54FB0}"
EndProject
Project("{FAE04EC0-301F-11D3-BF4B-00C04F79EFBC}") = "BPMify_Server", "BPMify_Server\BPMify_Server.csproj", "{17363584-B7F2-4984-B3C7-090028F4E97A}"
EndProject
Global
	GlobalSection(SolutionConfigurationPlatforms) = preSolution
		Debug|Any CPU = Debug|Any CPU
		Release|Any CPU = Release|Any CPU
	EndGlobalSection
	GlobalSection(ProjectConfigurationPlatforms) = postSolution
		{2F7CB0E5-7CCF-4C98-A26C-C0139CC24752}.Debug|Any CPU.ActiveCfg = Debug|Any CPU
		{2F7CB0E5-7CCF-4C98-A26C-C0139CC24752}.Debug|Any CPU.Build.0 = Debug|Any CPU
		{2F7CB0E5-7CCF-4C98-A26C-C0139CC24752}.Release|Any CPU.ActiveCfg = Release|Any CPU
		{2F7CB0E5-7CCF-4C98-A26C-C0139CC24752}.Release|Any CPU.Build.0 = Release|Any CPU
		{3AE77BCC-7EC4-4050-892A-C12916E069B6}.Debug|Any CPU.ActiveCfg = Debug|Any CPU
		{3AE77BCC-7EC4-4050-892A-C12916E069B6}.Debug|Any CPU.Build.0 = Debug|Any CPU
		{3AE77BCC-7EC4-4050-892A-C12916E069B6}.Release|Any CPU.ActiveCfg = Release|Any CPU
		{3AE77BCC-7EC4-4050-892A-C12916E069B6}.Release|Any CPU.Build.0 = Release|Any CPU
		{55968731-CB4D-4C49-B370-F7602FD54FB0}.Debug|Any CPU.ActiveCfg = Debug|Any CPU
		{55968731-CB4D-4C49-B370-F7602FD54FB0}.Debug|Any CPU.Build.0 = Debug|Any CPU
		{55968731-CB4D-4C49-B370-F7602FD54FB0}.Release|Any CPU.ActiveCfg = Release|Any CPU
		{55968731-CB4D-4C49-B370-F7602FD54FB0}.Release|Any CPU.Build.0 = Release|Any CPU
		{17363584-B7F2-4984-B3C7-090028F4E97A}.Debug|Any CPU.ActiveCfg = Debug|Any CPU
		{17363584-B7F2-4984-B3C7-090028F4E97A}.Debug|Any CPU.Build.0 = Debug|Any CPU
		{17363584-B7F2-4984-B3C7-090028F4E97A}.Release|Any CPU.ActiveCfg = Release|Any CPU
		{17363584-B7F2-4984-B3C7-090028F4E97A}.Release|Any CPU.Build.0 = Release|Any CPU
	EndGlobalSection
	GlobalSection(SolutionProperties) = preSolution
		HideSolutionNode = FALSE
	EndGlobalSection
	GlobalSection(ExtensibilityGlobals) = postSolution
		SolutionGuid = {873BAB96-8C65-4263-A175-049C5A34887A}
	EndGlobalSection
EndGlobal
